
Microsoft Visual Studio Solution File, Format Version 12.00
# Visual Studio Version 16
VisualStudioVersion = 16.0.30907.101
MinimumVisualStudioVersion = 10.0.40219.1
Project("{FAE04EC0-301F-11D3-BF4B-00C04F79EFBC}") = "Project", "Project\Project.csproj", "{B486F843-98E9-4473-9F04-48B760C71218}"
EndProject
Project("{FAE04EC0-301F-11D3-BF4B-00C04F79EFBC}") = "LibraryEx", "LibraryEx\LibraryEx.csproj", "{B8C138B3-43F9-48E4-9891-F1FD7284EFC6}"
EndProject
Project("{FAE04EC0-301F-11D3-BF4B-00C04F79EFBC}") = "ConsoleHello", "ConsoleHello\ConsoleHello.csproj", "{71AD37F1-5868-42E8-A4F5-9B57EDCFB743}"
EndProject
Global
	GlobalSection(SolutionConfigurationPlatforms) = preSolution
		Debug|Any CPU = Debug|Any CPU
		Release|Any CPU = Release|Any CPU
	EndGlobalSection
	GlobalSection(ProjectConfigurationPlatforms) = postSolution
		{B486F843-98E9-4473-9F04-48B760C71218}.Debug|Any CPU.ActiveCfg = Debug|Any CPU
		{B486F843-98E9-4473-9F04-48B760C71218}.Debug|Any CPU.Build.0 = Debug|Any CPU
		{B486F843-98E9-4473-9F04-48B760C71218}.Release|Any CPU.ActiveCfg = Release|Any CPU
		{B486F843-98E9-4473-9F04-48B760C71218}.Release|Any CPU.Build.0 = Release|Any CPU
		{B8C138B3-43F9-48E4-9891-F1FD7284EFC6}.Debug|Any CPU.ActiveCfg = Debug|Any CPU
		{B8C138B3-43F9-48E4-9891-F1FD7284EFC6}.Debug|Any CPU.Build.0 = Debug|Any CPU
		{B8C138B3-43F9-48E4-9891-F1FD7284EFC6}.Release|Any CPU.ActiveCfg = Release|Any CPU
		{B8C138B3-43F9-48E4-9891-F1FD7284EFC6}.Release|Any CPU.Build.0 = Release|Any CPU
		{71AD37F1-5868-42E8-A4F5-9B57EDCFB743}.Debug|Any CPU.ActiveCfg = Debug|Any CPU
		{71AD37F1-5868-42E8-A4F5-9B57EDCFB743}.Debug|Any CPU.Build.0 = Debug|Any CPU
		{71AD37F1-5868-42E8-A4F5-9B57EDCFB743}.Release|Any CPU.ActiveCfg = Release|Any CPU
		{71AD37F1-5868-42E8-A4F5-9B57EDCFB743}.Release|Any CPU.Build.0 = Release|Any CPU
	EndGlobalSection
	GlobalSection(SolutionProperties) = preSolution
		HideSolutionNode = FALSE
	EndGlobalSection
	GlobalSection(ExtensibilityGlobals) = postSolution
		SolutionGuid = {DEEDAEBB-4D42-4050-A42E-49637CBBAF1C}
	EndGlobalSection
EndGlobal
